
Microsoft Visual Studio Solution File, Format Version 12.00
# Visual Studio Version 17
VisualStudioVersion = 17.1.32319.34
MinimumVisualStudioVersion = 10.0.40219.1
Project("{FAE04EC0-301F-11D3-BF4B-00C04F79EFBC}") = "Math", "Math\Math.csproj", "{EFD9BA13-D814-4A7F-9376-78C39F80DBE7}"
EndProject
Global
	GlobalSection(SolutionConfigurationPlatforms) = preSolution
		Debug|Any CPU = Debug|Any CPU
		Release|Any CPU = Release|Any CPU
	EndGlobalSection
	GlobalSection(ProjectConfigurationPlatforms) = postSolution
		{EFD9BA13-D814-4A7F-9376-78C39F80DBE7}.Debug|Any CPU.ActiveCfg = Debug|Any CPU
		{EFD9BA13-D814-4A7F-9376-78C39F80DBE7}.Debug|Any CPU.Build.0 = Debug|Any CPU
		{EFD9BA13-D814-4A7F-9376-78C39F80DBE7}.Release|Any CPU.ActiveCfg = Release|Any CPU
		{EFD9BA13-D814-4A7F-9376-78C39F80DBE7}.Release|Any CPU.Build.0 = Release|Any CPU
	EndGlobalSection
	GlobalSection(SolutionProperties) = preSolution
		HideSolutionNode = FALSE
	EndGlobalSection
	GlobalSection(ExtensibilityGlobals) = postSolution
		SolutionGuid = {D00E9E2D-09A7-4E5B-A05C-F6B2CCDEF2F8}
	EndGlobalSection
EndGlobal
