
Microsoft Visual Studio Solution File, Format Version 12.00
# Visual Studio Version 17
VisualStudioVersion = 17.1.32421.90
MinimumVisualStudioVersion = 10.0.40219.1
Project("{FAE04EC0-301F-11D3-BF4B-00C04F79EFBC}") = "XML", "XML\XML.csproj", "{4D52CDCF-B610-4AA1-ADF2-9EEF32D786EB}"
EndProject
Global
	GlobalSection(SolutionConfigurationPlatforms) = preSolution
		Debug|Any CPU = Debug|Any CPU
		Release|Any CPU = Release|Any CPU
	EndGlobalSection
	GlobalSection(ProjectConfigurationPlatforms) = postSolution
		{4D52CDCF-B610-4AA1-ADF2-9EEF32D786EB}.Debug|Any CPU.ActiveCfg = Debug|Any CPU
		{4D52CDCF-B610-4AA1-ADF2-9EEF32D786EB}.Debug|Any CPU.Build.0 = Debug|Any CPU
		{4D52CDCF-B610-4AA1-ADF2-9EEF32D786EB}.Release|Any CPU.ActiveCfg = Release|Any CPU
		{4D52CDCF-B610-4AA1-ADF2-9EEF32D786EB}.Release|Any CPU.Build.0 = Release|Any CPU
	EndGlobalSection
	GlobalSection(SolutionProperties) = preSolution
		HideSolutionNode = FALSE
	EndGlobalSection
	GlobalSection(ExtensibilityGlobals) = postSolution
		SolutionGuid = {44F9E889-B769-4764-AB9D-689B3A8D6CE0}
	EndGlobalSection
EndGlobal
