
Microsoft Visual Studio Solution File, Format Version 12.00
# Visual Studio Version 17
VisualStudioVersion = 17.1.32421.90
MinimumVisualStudioVersion = 10.0.40219.1
Project("{FAE04EC0-301F-11D3-BF4B-00C04F79EFBC}") = "BinaryFiles", "BinaryFiles\BinaryFiles.csproj", "{471BA9C7-9ABD-4436-AED1-E6809CAF69B5}"
EndProject
Global
	GlobalSection(SolutionConfigurationPlatforms) = preSolution
		Debug|Any CPU = Debug|Any CPU
		Release|Any CPU = Release|Any CPU
	EndGlobalSection
	GlobalSection(ProjectConfigurationPlatforms) = postSolution
		{471BA9C7-9ABD-4436-AED1-E6809CAF69B5}.Debug|Any CPU.ActiveCfg = Debug|Any CPU
		{471BA9C7-9ABD-4436-AED1-E6809CAF69B5}.Debug|Any CPU.Build.0 = Debug|Any CPU
		{471BA9C7-9ABD-4436-AED1-E6809CAF69B5}.Release|Any CPU.ActiveCfg = Release|Any CPU
		{471BA9C7-9ABD-4436-AED1-E6809CAF69B5}.Release|Any CPU.Build.0 = Release|Any CPU
	EndGlobalSection
	GlobalSection(SolutionProperties) = preSolution
		HideSolutionNode = FALSE
	EndGlobalSection
	GlobalSection(ExtensibilityGlobals) = postSolution
		SolutionGuid = {1BDC7943-9A53-4CD4-BF91-CCC435C7D9BB}
	EndGlobalSection
EndGlobal
