
Microsoft Visual Studio Solution File, Format Version 12.00
# Visual Studio Version 17
VisualStudioVersion = 17.1.32421.90
MinimumVisualStudioVersion = 10.0.40219.1
Project("{FAE04EC0-301F-11D3-BF4B-00C04F79EFBC}") = "MVCCalculator", "MVCCalculator\MVCCalculator.csproj", "{6887079C-1A54-4DD6-9059-16A0A949A85B}"
EndProject
Global
	GlobalSection(SolutionConfigurationPlatforms) = preSolution
		Debug|Any CPU = Debug|Any CPU
		Release|Any CPU = Release|Any CPU
	EndGlobalSection
	GlobalSection(ProjectConfigurationPlatforms) = postSolution
		{6887079C-1A54-4DD6-9059-16A0A949A85B}.Debug|Any CPU.ActiveCfg = Debug|Any CPU
		{6887079C-1A54-4DD6-9059-16A0A949A85B}.Debug|Any CPU.Build.0 = Debug|Any CPU
		{6887079C-1A54-4DD6-9059-16A0A949A85B}.Release|Any CPU.ActiveCfg = Release|Any CPU
		{6887079C-1A54-4DD6-9059-16A0A949A85B}.Release|Any CPU.Build.0 = Release|Any CPU
	EndGlobalSection
	GlobalSection(SolutionProperties) = preSolution
		HideSolutionNode = FALSE
	EndGlobalSection
	GlobalSection(ExtensibilityGlobals) = postSolution
		SolutionGuid = {80590CC7-BA7E-4496-8620-745D6934F862}
	EndGlobalSection
EndGlobal
