
Microsoft Visual Studio Solution File, Format Version 12.00
# Visual Studio Version 17
VisualStudioVersion = 17.1.32319.34
MinimumVisualStudioVersion = 10.0.40219.1
Project("{FAE04EC0-301F-11D3-BF4B-00C04F79EFBC}") = "Delegates", "Delegates\Delegates.csproj", "{4832FD11-CD1F-46F8-BD8A-623C5FC98AD4}"
EndProject
Global
	GlobalSection(SolutionConfigurationPlatforms) = preSolution
		Debug|Any CPU = Debug|Any CPU
		Release|Any CPU = Release|Any CPU
	EndGlobalSection
	GlobalSection(ProjectConfigurationPlatforms) = postSolution
		{4832FD11-CD1F-46F8-BD8A-623C5FC98AD4}.Debug|Any CPU.ActiveCfg = Debug|Any CPU
		{4832FD11-CD1F-46F8-BD8A-623C5FC98AD4}.Debug|Any CPU.Build.0 = Debug|Any CPU
		{4832FD11-CD1F-46F8-BD8A-623C5FC98AD4}.Release|Any CPU.ActiveCfg = Release|Any CPU
		{4832FD11-CD1F-46F8-BD8A-623C5FC98AD4}.Release|Any CPU.Build.0 = Release|Any CPU
	EndGlobalSection
	GlobalSection(SolutionProperties) = preSolution
		HideSolutionNode = FALSE
	EndGlobalSection
	GlobalSection(ExtensibilityGlobals) = postSolution
		SolutionGuid = {B20DF43D-7E4C-4D67-AC43-0653660F3423}
	EndGlobalSection
EndGlobal
