
Microsoft Visual Studio Solution File, Format Version 12.00
# Visual Studio Version 17
VisualStudioVersion = 17.1.32319.34
MinimumVisualStudioVersion = 10.0.40219.1
Project("{FAE04EC0-301F-11D3-BF4B-00C04F79EFBC}") = "DateAndTime", "DateAndTime\DateAndTime.csproj", "{0113B16E-092C-496D-AA1E-FEC833C4A7AA}"
EndProject
Global
	GlobalSection(SolutionConfigurationPlatforms) = preSolution
		Debug|Any CPU = Debug|Any CPU
		Release|Any CPU = Release|Any CPU
	EndGlobalSection
	GlobalSection(ProjectConfigurationPlatforms) = postSolution
		{0113B16E-092C-496D-AA1E-FEC833C4A7AA}.Debug|Any CPU.ActiveCfg = Debug|Any CPU
		{0113B16E-092C-496D-AA1E-FEC833C4A7AA}.Debug|Any CPU.Build.0 = Debug|Any CPU
		{0113B16E-092C-496D-AA1E-FEC833C4A7AA}.Release|Any CPU.ActiveCfg = Release|Any CPU
		{0113B16E-092C-496D-AA1E-FEC833C4A7AA}.Release|Any CPU.Build.0 = Release|Any CPU
	EndGlobalSection
	GlobalSection(SolutionProperties) = preSolution
		HideSolutionNode = FALSE
	EndGlobalSection
	GlobalSection(ExtensibilityGlobals) = postSolution
		SolutionGuid = {AFEFEE0D-7357-411B-89B3-8E4D1388366E}
	EndGlobalSection
EndGlobal
