
Microsoft Visual Studio Solution File, Format Version 12.00
# Visual Studio Version 17
VisualStudioVersion = 17.1.32319.34
MinimumVisualStudioVersion = 10.0.40219.1
Project("{FAE04EC0-301F-11D3-BF4B-00C04F79EFBC}") = "LINQ", "LINQ\LINQ.csproj", "{584CAFF1-4419-4BF6-A57D-080C2FFA4980}"
EndProject
Global
	GlobalSection(SolutionConfigurationPlatforms) = preSolution
		Debug|Any CPU = Debug|Any CPU
		Release|Any CPU = Release|Any CPU
	EndGlobalSection
	GlobalSection(ProjectConfigurationPlatforms) = postSolution
		{584CAFF1-4419-4BF6-A57D-080C2FFA4980}.Debug|Any CPU.ActiveCfg = Debug|Any CPU
		{584CAFF1-4419-4BF6-A57D-080C2FFA4980}.Debug|Any CPU.Build.0 = Debug|Any CPU
		{584CAFF1-4419-4BF6-A57D-080C2FFA4980}.Release|Any CPU.ActiveCfg = Release|Any CPU
		{584CAFF1-4419-4BF6-A57D-080C2FFA4980}.Release|Any CPU.Build.0 = Release|Any CPU
	EndGlobalSection
	GlobalSection(SolutionProperties) = preSolution
		HideSolutionNode = FALSE
	EndGlobalSection
	GlobalSection(ExtensibilityGlobals) = postSolution
		SolutionGuid = {BA52E031-09CD-40B8-BAD7-B365DF812C46}
	EndGlobalSection
EndGlobal
